{
  "requires": true,
  "lockfileVersion": 1,
  "dependencies": {
    "cbfs": {
      "version": "0.1.0",
      "resolved": "https://registry.npmjs.org/cbfs/-/cbfs-0.1.0.tgz",
      "integrity": "sha512-ZQ8V1dj379XYCo5NiQULNNwzi0I/hp8J6k164qVDgK2V4yIkJaZOiPfaWJ9GB75JdBRQTx1mutM6zb7WVdR0OQ=="
    }
  }
}
